// !$*UTF8*$!
{
	archiveVersion = 1;
	classes = {
	};
	objectVersion = 46;
	objects = {

/* Begin PBXBuildFile section */
		1B0B92131DD4EA9600C5E93E /* AppDelegate.swift in Sources */ = {isa = PBXBuildFile; fileRef = 1B0B92121DD4EA9600C5E93E /* AppDelegate.swift */; };
		1B0B92151DD4EA9600C5E93E /* MainVC.swift in Sources */ = {isa = PBXBuildFile; fileRef = 1B0B92141DD4EA9600C5E93E /* MainVC.swift */; };
		1B0B92181DD4EA9600C5E93E /* Main.storyboard in Resources */ = {isa = PBXBuildFile; fileRef = 1B0B92161DD4EA9600C5E93E /* Main.storyboard */; };
		1B0B921A1DD4EA9600C5E93E /* Assets.xcassets in Resources */ = {isa = PBXBuildFile; fileRef = 1B0B92191DD4EA9600C5E93E /* Assets.xcassets */; };
		1B0B921D1DD4EA9600C5E93E /* LaunchScreen.storyboard in Resources */ = {isa = PBXBuildFile; fileRef = 1B0B921B1DD4EA9600C5E93E /* LaunchScreen.storyboard */; };
		1B0B92251DD4EAC800C5E93E /* ContrailOne-Regular.ttf in Resources */ = {isa = PBXBuildFile; fileRef = 1B0B92241DD4EAC800C5E93E /* ContrailOne-Regular.ttf */; };
		1B0B92271DD4EAE300C5E93E /* Exo2-Thin.ttf in Resources */ = {isa = PBXBuildFile; fileRef = 1B0B92261DD4EAE300C5E93E /* Exo2-Thin.ttf */; };
		1B0B92291DD4EAEC00C5E93E /* Exo2-MediumItalic.ttf in Resources */ = {isa = PBXBuildFile; fileRef = 1B0B92281DD4EAEC00C5E93E /* Exo2-MediumItalic.ttf */; };
		1B0B922B1DD4EAF700C5E93E /* Exo2-Light.ttf in Resources */ = {isa = PBXBuildFile; fileRef = 1B0B922A1DD4EAF700C5E93E /* Exo2-Light.ttf */; };
		1B4F56EC1DDE5DF8006D220B /* MaterialView.swift in Sources */ = {isa = PBXBuildFile; fileRef = 1B4F56EB1DDE5DF8006D220B /* MaterialView.swift */; };
		1B72F7581DD7ADBF0020E739 /* GoogleService-Info.plist in Resources */ = {isa = PBXBuildFile; fileRef = 1B72F7571DD7ADBF0020E739 /* GoogleService-Info.plist */; };
		1B7D4ABB1DDB871F00695A3A /* Constants.swift in Sources */ = {isa = PBXBuildFile; fileRef = 1B7D4ABA1DDB871F00695A3A /* Constants.swift */; };
		1B7D4ABD1DDB8A5500695A3A /* FeedVC.swift in Sources */ = {isa = PBXBuildFile; fileRef = 1B7D4ABC1DDB8A5500695A3A /* FeedVC.swift */; };
		1B7D4ABF1DDD220D00695A3A /* PostCell.swift in Sources */ = {isa = PBXBuildFile; fileRef = 1B7D4ABE1DDD220D00695A3A /* PostCell.swift */; };
		1B7D4AC21DDE243200695A3A /* DataService.swift in Sources */ = {isa = PBXBuildFile; fileRef = 1B7D4AC11DDE243200695A3A /* DataService.swift */; };
		1BE312C51DE783A900EBF5E1 /* PasswordVC.swift in Sources */ = {isa = PBXBuildFile; fileRef = 1BE312C41DE783A900EBF5E1 /* PasswordVC.swift */; };
		1BE312C71DE7909600EBF5E1 /* CreateUsernameVC.swift in Sources */ = {isa = PBXBuildFile; fileRef = 1BE312C61DE7909600EBF5E1 /* CreateUsernameVC.swift */; };
		1BE312CA1DEAFE7D00EBF5E1 /* Helper.swift in Sources */ = {isa = PBXBuildFile; fileRef = 1BE312C91DEAFE7D00EBF5E1 /* Helper.swift */; };
		1BF35A5D1DDE41FD00C721F5 /* CreatePostVC.swift in Sources */ = {isa = PBXBuildFile; fileRef = 1BF35A5C1DDE41FD00C721F5 /* CreatePostVC.swift */; };
		1BF35A5F1DDE477900C721F5 /* Post.swift in Sources */ = {isa = PBXBuildFile; fileRef = 1BF35A5E1DDE477900C721F5 /* Post.swift */; };
		DB5B89BD04EA3E5DEFE0BB7C /* Pods_OnePost.framework in Frameworks */ = {isa = PBXBuildFile; fileRef = D531DC1FA0698757FEDB593F /* Pods_OnePost.framework */; };
/* End PBXBuildFile section */

/* Begin PBXFileReference section */
		1B0B920F1DD4EA9600C5E93E /* OnePost.app */ = {isa = PBXFileReference; explicitFileType = wrapper.application; includeInIndex = 0; path = OnePost.app; sourceTree = BUILT_PRODUCTS_DIR; };
		1B0B92121DD4EA9600C5E93E /* AppDelegate.swift */ = {isa = PBXFileReference; lastKnownFileType = sourcecode.swift; path = AppDelegate.swift; sourceTree = "<group>"; };
		1B0B92141DD4EA9600C5E93E /* MainVC.swift */ = {isa = PBXFileReference; lastKnownFileType = sourcecode.swift; path = MainVC.swift; sourceTree = "<group>"; };
		1B0B92171DD4EA9600C5E93E /* Base */ = {isa = PBXFileReference; lastKnownFileType = file.storyboard; name = Base; path = Base.lproj/Main.storyboard; sourceTree = "<group>"; };
		1B0B92191DD4EA9600C5E93E /* Assets.xcassets */ = {isa = PBXFileReference; lastKnownFileType = folder.assetcatalog; path = Assets.xcassets; sourceTree = "<group>"; };
		1B0B921C1DD4EA9600C5E93E /* Base */ = {isa = PBXFileReference; lastKnownFileType = file.storyboard; name = Base; path = Base.lproj/LaunchScreen.storyboard; sourceTree = "<group>"; };
		1B0B921E1DD4EA9600C5E93E /* Info.plist */ = {isa = PBXFileReference; lastKnownFileType = text.plist.xml; path = Info.plist; sourceTree = "<group>"; };
		1B0B92241DD4EAC800C5E93E /* ContrailOne-Regular.ttf */ = {isa = PBXFileReference; lastKnownFileType = file; name = "ContrailOne-Regular.ttf"; path = "OnePost/ContrailOne-Regular.ttf"; sourceTree = "<group>"; };
		1B0B92261DD4EAE300C5E93E /* Exo2-Thin.ttf */ = {isa = PBXFileReference; lastKnownFileType = file; name = "Exo2-Thin.ttf"; path = "OnePost/Exo2-Thin.ttf"; sourceTree = "<group>"; };
		1B0B92281DD4EAEC00C5E93E /* Exo2-MediumItalic.ttf */ = {isa = PBXFileReference; lastKnownFileType = file; name = "Exo2-MediumItalic.ttf"; path = "OnePost/Exo2-MediumItalic.ttf"; sourceTree = "<group>"; };
		1B0B922A1DD4EAF700C5E93E /* Exo2-Light.ttf */ = {isa = PBXFileReference; lastKnownFileType = file; name = "Exo2-Light.ttf"; path = "OnePost/Exo2-Light.ttf"; sourceTree = "<group>"; };
		1B4F56EB1DDE5DF8006D220B /* MaterialView.swift */ = {isa = PBXFileReference; fileEncoding = 4; lastKnownFileType = sourcecode.swift; path = MaterialView.swift; sourceTree = "<group>"; };
		1B72F7571DD7ADBF0020E739 /* GoogleService-Info.plist */ = {isa = PBXFileReference; fileEncoding = 4; lastKnownFileType = text.plist.xml; path = "GoogleService-Info.plist"; sourceTree = "<group>"; };
		1B7D4ABA1DDB871F00695A3A /* Constants.swift */ = {isa = PBXFileReference; fileEncoding = 4; lastKnownFileType = sourcecode.swift; path = Constants.swift; sourceTree = "<group>"; };
		1B7D4ABC1DDB8A5500695A3A /* FeedVC.swift */ = {isa = PBXFileReference; fileEncoding = 4; lastKnownFileType = sourcecode.swift; path = FeedVC.swift; sourceTree = "<group>"; };
		1B7D4ABE1DDD220D00695A3A /* PostCell.swift */ = {isa = PBXFileReference; fileEncoding = 4; lastKnownFileType = sourcecode.swift; path = PostCell.swift; sourceTree = "<group>"; };
		1B7D4AC11DDE243200695A3A /* DataService.swift */ = {isa = PBXFileReference; fileEncoding = 4; lastKnownFileType = sourcecode.swift; path = DataService.swift; sourceTree = "<group>"; };
		1BB5B44C1DDB78F300409015 /* OnePost.entitlements */ = {isa = PBXFileReference; lastKnownFileType = text.plist.entitlements; path = OnePost.entitlements; sourceTree = "<group>"; };
		1BE312C41DE783A900EBF5E1 /* PasswordVC.swift */ = {isa = PBXFileReference; fileEncoding = 4; lastKnownFileType = sourcecode.swift; path = PasswordVC.swift; sourceTree = "<group>"; };
		1BE312C61DE7909600EBF5E1 /* CreateUsernameVC.swift */ = {isa = PBXFileReference; fileEncoding = 4; lastKnownFileType = sourcecode.swift; path = CreateUsernameVC.swift; sourceTree = "<group>"; };
		1BE312C91DEAFE7D00EBF5E1 /* Helper.swift */ = {isa = PBXFileReference; fileEncoding = 4; lastKnownFileType = sourcecode.swift; path = Helper.swift; sourceTree = "<group>"; };
		1BF35A5C1DDE41FD00C721F5 /* CreatePostVC.swift */ = {isa = PBXFileReference; fileEncoding = 4; lastKnownFileType = sourcecode.swift; path = CreatePostVC.swift; sourceTree = "<group>"; };
		1BF35A5E1DDE477900C721F5 /* Post.swift */ = {isa = PBXFileReference; fileEncoding = 4; lastKnownFileType = sourcecode.swift; path = Post.swift; sourceTree = "<group>"; };
		219A697702848073B9FF8C82 /* Pods-OnePost.release.xcconfig */ = {isa = PBXFileReference; includeInIndex = 1; lastKnownFileType = text.xcconfig; name = "Pods-OnePost.release.xcconfig"; path = "Pods/Target Support Files/Pods-OnePost/Pods-OnePost.release.xcconfig"; sourceTree = "<group>"; };
		D531DC1FA0698757FEDB593F /* Pods_OnePost.framework */ = {isa = PBXFileReference; explicitFileType = wrapper.framework; includeInIndex = 0; path = Pods_OnePost.framework; sourceTree = BUILT_PRODUCTS_DIR; };
		DF095D0EF7FD95CE946ABEA9 /* Pods-OnePost.debug.xcconfig */ = {isa = PBXFileReference; includeInIndex = 1; lastKnownFileType = text.xcconfig; name = "Pods-OnePost.debug.xcconfig"; path = "Pods/Target Support Files/Pods-OnePost/Pods-OnePost.debug.xcconfig"; sourceTree = "<group>"; };
/* End PBXFileReference section */

/* Begin PBXFrameworksBuildPhase section */
		1B0B920C1DD4EA9600C5E93E /* Frameworks */ = {
			isa = PBXFrameworksBuildPhase;
			buildActionMask = 2147483647;
			files = (
				DB5B89BD04EA3E5DEFE0BB7C /* Pods_OnePost.framework in Frameworks */,
			);
			runOnlyForDeploymentPostprocessing = 0;
		};
/* End PBXFrameworksBuildPhase section */

/* Begin PBXGroup section */
		1B0B92061DD4EA9600C5E93E = {
			isa = PBXGroup;
			children = (
				1B0B92111DD4EA9600C5E93E /* OnePost */,
				1B0B92101DD4EA9600C5E93E /* Products */,
				B3DF2FC4946E210E62C7D7B9 /* Pods */,
				DC6E7BDB66E99CE881269014 /* Frameworks */,
			);
			sourceTree = "<group>";
		};
		1B0B92101DD4EA9600C5E93E /* Products */ = {
			isa = PBXGroup;
			children = (
				1B0B920F1DD4EA9600C5E93E /* OnePost.app */,
			);
			name = Products;
			sourceTree = "<group>";
		};
		1B0B92111DD4EA9600C5E93E /* OnePost */ = {
			isa = PBXGroup;
			children = (
				1BE312C81DEAFE6600EBF5E1 /* Helpers */,
				1B7D4AC01DDE241500695A3A /* Services */,
				1B7D4AB91DDB870D00695A3A /* Utils */,
				1BB5B44C1DDB78F300409015 /* OnePost.entitlements */,
				1B72F75B1DD7BD460020E739 /* Controller */,
				1B72F7591DD7BD3A0020E739 /* Model */,
				1B72F75A1DD7BD410020E739 /* View */,
				1B72F75C1DD7BD590020E739 /* Fonts */,
				1B0B92121DD4EA9600C5E93E /* AppDelegate.swift */,
				1B0B92161DD4EA9600C5E93E /* Main.storyboard */,
				1B72F7571DD7ADBF0020E739 /* GoogleService-Info.plist */,
				1B0B92191DD4EA9600C5E93E /* Assets.xcassets */,
				1B0B921B1DD4EA9600C5E93E /* LaunchScreen.storyboard */,
				1B0B921E1DD4EA9600C5E93E /* Info.plist */,
			);
			path = OnePost;
			sourceTree = "<group>";
		};
		1B72F7591DD7BD3A0020E739 /* Model */ = {
			isa = PBXGroup;
			children = (
				1BF35A5E1DDE477900C721F5 /* Post.swift */,
			);
			name = Model;
			sourceTree = "<group>";
		};
		1B72F75A1DD7BD410020E739 /* View */ = {
			isa = PBXGroup;
			children = (
				1B7D4ABE1DDD220D00695A3A /* PostCell.swift */,
			);
			name = View;
			sourceTree = "<group>";
		};
		1B72F75B1DD7BD460020E739 /* Controller */ = {
			isa = PBXGroup;
			children = (
				1B0B92141DD4EA9600C5E93E /* MainVC.swift */,
				1B7D4ABC1DDB8A5500695A3A /* FeedVC.swift */,
				1BF35A5C1DDE41FD00C721F5 /* CreatePostVC.swift */,
				1BE312C41DE783A900EBF5E1 /* PasswordVC.swift */,
				1BE312C61DE7909600EBF5E1 /* CreateUsernameVC.swift */,
			);
			name = Controller;
			sourceTree = "<group>";
		};
		1B72F75C1DD7BD590020E739 /* Fonts */ = {
			isa = PBXGroup;
			children = (
				1B0B92241DD4EAC800C5E93E /* ContrailOne-Regular.ttf */,
				1B0B92261DD4EAE300C5E93E /* Exo2-Thin.ttf */,
				1B0B922A1DD4EAF700C5E93E /* Exo2-Light.ttf */,
				1B0B92281DD4EAEC00C5E93E /* Exo2-MediumItalic.ttf */,
			);
			name = Fonts;
			path = ..;
			sourceTree = "<group>";
		};
		1B7D4AB91DDB870D00695A3A /* Utils */ = {
			isa = PBXGroup;
			children = (
				1B7D4ABA1DDB871F00695A3A /* Constants.swift */,
				1B4F56EB1DDE5DF8006D220B /* MaterialView.swift */,
			);
			name = Utils;
			sourceTree = "<group>";
		};
		1B7D4AC01DDE241500695A3A /* Services */ = {
			isa = PBXGroup;
			children = (
				1B7D4AC11DDE243200695A3A /* DataService.swift */,
			);
			name = Services;
			sourceTree = "<group>";
		};
		1BE312C81DEAFE6600EBF5E1 /* Helpers */ = {
			isa = PBXGroup;
			children = (
				1BE312C91DEAFE7D00EBF5E1 /* Helper.swift */,
			);
			name = Helpers;
			sourceTree = "<group>";
		};
		B3DF2FC4946E210E62C7D7B9 /* Pods */ = {
			isa = PBXGroup;
			children = (
				DF095D0EF7FD95CE946ABEA9 /* Pods-OnePost.debug.xcconfig */,
				219A697702848073B9FF8C82 /* Pods-OnePost.release.xcconfig */,
			);
			name = Pods;
			sourceTree = "<group>";
		};
		DC6E7BDB66E99CE881269014 /* Frameworks */ = {
			isa = PBXGroup;
			children = (
				D531DC1FA0698757FEDB593F /* Pods_OnePost.framework */,
			);
			name = Frameworks;
			sourceTree = "<group>";
		};
/* End PBXGroup section */

/* Begin PBXNativeTarget section */
		1B0B920E1DD4EA9600C5E93E /* OnePost */ = {
			isa = PBXNativeTarget;
			buildConfigurationList = 1B0B92211DD4EA9600C5E93E /* Build configuration list for PBXNativeTarget "OnePost" */;
			buildPhases = (
				623751038B3E17E27A9C19D2 /* [CP] Check Pods Manifest.lock */,
				1B0B920B1DD4EA9600C5E93E /* Sources */,
				1B0B920C1DD4EA9600C5E93E /* Frameworks */,
				1B0B920D1DD4EA9600C5E93E /* Resources */,
				F16AFC9279419FB5DF535789 /* [CP] Embed Pods Frameworks */,
				6C49832F8EAD4FCDA36BC280 /* [CP] Copy Pods Resources */,
			);
			buildRules = (
			);
			dependencies = (
			);
			name = OnePost;
			productName = OnePost;
			productReference = 1B0B920F1DD4EA9600C5E93E /* OnePost.app */;
			productType = "com.apple.product-type.application";
		};
/* End PBXNativeTarget section */

/* Begin PBXProject section */
		1B0B92071DD4EA9600C5E93E /* Project object */ = {
			isa = PBXProject;
			attributes = {
				LastSwiftUpdateCheck = 0810;
				LastUpgradeCheck = 0810;
				ORGANIZATIONNAME = "twisted echo";
				TargetAttributes = {
					1B0B920E1DD4EA9600C5E93E = {
						CreatedOnToolsVersion = 8.1;
						DevelopmentTeam = UMQAGMF379;
						LastSwiftMigration = 0810;
						ProvisioningStyle = Automatic;
						SystemCapabilities = {
							com.apple.Keychain = {
								enabled = 1;
							};
						};
					};
				};
			};
			buildConfigurationList = 1B0B920A1DD4EA9600C5E93E /* Build configuration list for PBXProject "OnePost" */;
			compatibilityVersion = "Xcode 3.2";
			developmentRegion = English;
			hasScannedForEncodings = 0;
			knownRegions = (
				en,
				Base,
			);
			mainGroup = 1B0B92061DD4EA9600C5E93E;
			productRefGroup = 1B0B92101DD4EA9600C5E93E /* Products */;
			projectDirPath = "";
			projectRoot = "";
			targets = (
				1B0B920E1DD4EA9600C5E93E /* OnePost */,
			);
		};
/* End PBXProject section */

/* Begin PBXResourcesBuildPhase section */
		1B0B920D1DD4EA9600C5E93E /* Resources */ = {
			isa = PBXResourcesBuildPhase;
			buildActionMask = 2147483647;
			files = (
				1B0B92271DD4EAE300C5E93E /* Exo2-Thin.ttf in Resources */,
				1B0B922B1DD4EAF700C5E93E /* Exo2-Light.ttf in Resources */,
				1B0B92251DD4EAC800C5E93E /* ContrailOne-Regular.ttf in Resources */,
				1B0B921D1DD4EA9600C5E93E /* LaunchScreen.storyboard in Resources */,
				1B0B92291DD4EAEC00C5E93E /* Exo2-MediumItalic.ttf in Resources */,
				1B0B921A1DD4EA9600C5E93E /* Assets.xcassets in Resources */,
				1B0B92181DD4EA9600C5E93E /* Main.storyboard in Resources */,
				1B72F7581DD7ADBF0020E739 /* GoogleService-Info.plist in Resources */,
			);
			runOnlyForDeploymentPostprocessing = 0;
		};
/* End PBXResourcesBuildPhase section */

/* Begin PBXShellScriptBuildPhase section */
		623751038B3E17E27A9C19D2 /* [CP] Check Pods Manifest.lock */ = {
			isa = PBXShellScriptBuildPhase;
			buildActionMask = 2147483647;
			files = (
			);
			inputPaths = (
			);
			name = "[CP] Check Pods Manifest.lock";
			outputPaths = (
			);
			runOnlyForDeploymentPostprocessing = 0;
			shellPath = /bin/sh;
			shellScript = "diff \"${PODS_ROOT}/../Podfile.lock\" \"${PODS_ROOT}/Manifest.lock\" > /dev/null\nif [ $? != 0 ] ; then\n    # print error to STDERR\n    echo \"error: The sandbox is not in sync with the Podfile.lock. Run 'pod install' or update your CocoaPods installation.\" >&2\n    exit 1\nfi\n";
			showEnvVarsInLog = 0;
		};
		6C49832F8EAD4FCDA36BC280 /* [CP] Copy Pods Resources */ = {
			isa = PBXShellScriptBuildPhase;
			buildActionMask = 2147483647;
			files = (
			);
			inputPaths = (
			);
			name = "[CP] Copy Pods Resources";
			outputPaths = (
			);
			runOnlyForDeploymentPostprocessing = 0;
			shellPath = /bin/sh;
			shellScript = "\"${SRCROOT}/Pods/Target Support Files/Pods-OnePost/Pods-OnePost-resources.sh\"\n";
			showEnvVarsInLog = 0;
		};
		F16AFC9279419FB5DF535789 /* [CP] Embed Pods Frameworks */ = {
			isa = PBXShellScriptBuildPhase;
			buildActionMask = 2147483647;
			files = (
			);
			inputPaths = (
			);
			name = "[CP] Embed Pods Frameworks";
			outputPaths = (
			);
			runOnlyForDeploymentPostprocessing = 0;
			shellPath = /bin/sh;
			shellScript = "\"${SRCROOT}/Pods/Target Support Files/Pods-OnePost/Pods-OnePost-frameworks.sh\"\n";
			showEnvVarsInLog = 0;
		};
/* End PBXShellScriptBuildPhase section */

/* Begin PBXSourcesBuildPhase section */
		1B0B920B1DD4EA9600C5E93E /* Sources */ = {
			isa = PBXSourcesBuildPhase;
			buildActionMask = 2147483647;
			files = (
				1B7D4ABD1DDB8A5500695A3A /* FeedVC.swift in Sources */,
				1BE312C71DE7909600EBF5E1 /* CreateUsernameVC.swift in Sources */,
				1BE312C51DE783A900EBF5E1 /* PasswordVC.swift in Sources */,
				1BF35A5D1DDE41FD00C721F5 /* CreatePostVC.swift in Sources */,
				1B0B92151DD4EA9600C5E93E /* MainVC.swift in Sources */,
				1B4F56EC1DDE5DF8006D220B /* MaterialView.swift in Sources */,
				1BF35A5F1DDE477900C721F5 /* Post.swift in Sources */,
				1B0B92131DD4EA9600C5E93E /* AppDelegate.swift in Sources */,
				1B7D4AC21DDE243200695A3A /* DataService.swift in Sources */,
				1B7D4ABB1DDB871F00695A3A /* Constants.swift in Sources */,
				1B7D4ABF1DDD220D00695A3A /* PostCell.swift in Sources */,
				1BE312CA1DEAFE7D00EBF5E1 /* Helper.swift in Sources */,
			);
			runOnlyForDeploymentPostprocessing = 0;
		};
/* End PBXSourcesBuildPhase section */

/* Begin PBXVariantGroup section */
		1B0B92161DD4EA9600C5E93E /* Main.storyboard */ = {
			isa = PBXVariantGroup;
			children = (
				1B0B92171DD4EA9600C5E93E /* Base */,
			);
			name = Main.storyboard;
			sourceTree = "<group>";
		};
		1B0B921B1DD4EA9600C5E93E /* LaunchScreen.storyboard */ = {
			isa = PBXVariantGroup;
			children = (
				1B0B921C1DD4EA9600C5E93E /* Base */,
			);
			name = LaunchScreen.storyboard;
			sourceTree = "<group>";
		};
/* End PBXVariantGroup section */

/* Begin XCBuildConfiguration section */
		1B0B921F1DD4EA9600C5E93E /* Debug */ = {
			isa = XCBuildConfiguration;
			buildSettings = {
				ALWAYS_SEARCH_USER_PATHS = NO;
				CLANG_ANALYZER_NONNULL = YES;
				CLANG_CXX_LANGUAGE_STANDARD = "gnu++0x";
				CLANG_CXX_LIBRARY = "libc++";
				CLANG_ENABLE_MODULES = YES;
				CLANG_ENABLE_OBJC_ARC = YES;
				CLANG_WARN_BOOL_CONVERSION = YES;
				CLANG_WARN_CONSTANT_CONVERSION = YES;
				CLANG_WARN_DIRECT_OBJC_ISA_USAGE = YES_ERROR;
				CLANG_WARN_DOCUMENTATION_COMMENTS = YES;
				CLANG_WARN_EMPTY_BODY = YES;
				CLANG_WARN_ENUM_CONVERSION = YES;
				CLANG_WARN_INFINITE_RECURSION = YES;
				CLANG_WARN_INT_CONVERSION = YES;
				CLANG_WARN_OBJC_ROOT_CLASS = YES_ERROR;
				CLANG_WARN_SUSPICIOUS_MOVE = YES;
				CLANG_WARN_SUSPICIOUS_MOVES = YES;
				CLANG_WARN_UNREACHABLE_CODE = YES;
				CLANG_WARN__DUPLICATE_METHOD_MATCH = YES;
				"CODE_SIGN_IDENTITY[sdk=iphoneos*]" = "iPhone Developer";
				COPY_PHASE_STRIP = NO;
				DEBUG_INFORMATION_FORMAT = dwarf;
				ENABLE_STRICT_OBJC_MSGSEND = YES;
				ENABLE_TESTABILITY = YES;
				GCC_C_LANGUAGE_STANDARD = gnu99;
				GCC_DYNAMIC_NO_PIC = NO;
				GCC_NO_COMMON_BLOCKS = YES;
				GCC_OPTIMIZATION_LEVEL = 0;
				GCC_PREPROCESSOR_DEFINITIONS = (
					"DEBUG=1",
					"$(inherited)",
				);
				GCC_WARN_64_TO_32_BIT_CONVERSION = YES;
				GCC_WARN_ABOUT_RETURN_TYPE = YES_ERROR;
				GCC_WARN_UNDECLARED_SELECTOR = YES;
				GCC_WARN_UNINITIALIZED_AUTOS = YES_AGGRESSIVE;
				GCC_WARN_UNUSED_FUNCTION = YES;
				GCC_WARN_UNUSED_VARIABLE = YES;
				IPHONEOS_DEPLOYMENT_TARGET = 10.1;
				MTL_ENABLE_DEBUG_INFO = YES;
				ONLY_ACTIVE_ARCH = YES;
				SDKROOT = iphoneos;
				SWIFT_ACTIVE_COMPILATION_CONDITIONS = DEBUG;
				SWIFT_OPTIMIZATION_LEVEL = "-Onone";
				TARGETED_DEVICE_FAMILY = "1,2";
			};
			name = Debug;
		};
		1B0B92201DD4EA9600C5E93E /* Release */ = {
			isa = XCBuildConfiguration;
			buildSettings = {
				ALWAYS_SEARCH_USER_PATHS = NO;
				CLANG_ANALYZER_NONNULL = YES;
				CLANG_CXX_LANGUAGE_STANDARD = "gnu++0x";
				CLANG_CXX_LIBRARY = "libc++";
				CLANG_ENABLE_MODULES = YES;
				CLANG_ENABLE_OBJC_ARC = YES;
				CLANG_WARN_BOOL_CONVERSION = YES;
				CLANG_WARN_CONSTANT_CONVERSION = YES;
				CLANG_WARN_DIRECT_OBJC_ISA_USAGE = YES_ERROR;
				CLANG_WARN_DOCUMENTATION_COMMENTS = YES;
				CLANG_WARN_EMPTY_BODY = YES;
				CLANG_WARN_ENUM_CONVERSION = YES;
				CLANG_WARN_INFINITE_RECURSION = YES;
				CLANG_WARN_INT_CONVERSION = YES;
				CLANG_WARN_OBJC_ROOT_CLASS = YES_ERROR;
				CLANG_WARN_SUSPICIOUS_MOVE = YES;
				CLANG_WARN_SUSPICIOUS_MOVES = YES;
				CLANG_WARN_UNREACHABLE_CODE = YES;
				CLANG_WARN__DUPLICATE_METHOD_MATCH = YES;
				"CODE_SIGN_IDENTITY[sdk=iphoneos*]" = "iPhone Developer";
				COPY_PHASE_STRIP = NO;
				DEBUG_INFORMATION_FORMAT = "dwarf-with-dsym";
				ENABLE_NS_ASSERTIONS = NO;
				ENABLE_STRICT_OBJC_MSGSEND = YES;
				GCC_C_LANGUAGE_STANDARD = gnu99;
				GCC_NO_COMMON_BLOCKS = YES;
				GCC_WARN_64_TO_32_BIT_CONVERSION = YES;
				GCC_WARN_ABOUT_RETURN_TYPE = YES_ERROR;
				GCC_WARN_UNDECLARED_SELECTOR = YES;
				GCC_WARN_UNINITIALIZED_AUTOS = YES_AGGRESSIVE;
				GCC_WARN_UNUSED_FUNCTION = YES;
				GCC_WARN_UNUSED_VARIABLE = YES;
				IPHONEOS_DEPLOYMENT_TARGET = 10.1;
				MTL_ENABLE_DEBUG_INFO = NO;
				SDKROOT = iphoneos;
				SWIFT_OPTIMIZATION_LEVEL = "-Owholemodule";
				TARGETED_DEVICE_FAMILY = "1,2";
				VALIDATE_PRODUCT = YES;
			};
			name = Release;
		};
		1B0B92221DD4EA9600C5E93E /* Debug */ = {
			isa = XCBuildConfiguration;
			baseConfigurationReference = DF095D0EF7FD95CE946ABEA9 /* Pods-OnePost.debug.xcconfig */;
			buildSettings = {
				ALWAYS_EMBED_SWIFT_STANDARD_LIBRARIES = YES;
				ASSETCATALOG_COMPILER_APPICON_NAME = AppIcon;
				CODE_SIGN_ENTITLEMENTS = OnePost/OnePost.entitlements;
				DEVELOPMENT_TEAM = UMQAGMF379;
				INFOPLIST_FILE = OnePost/Info.plist;
				LD_RUNPATH_SEARCH_PATHS = "$(inherited) @executable_path/Frameworks";
				PRODUCT_BUNDLE_IDENTIFIER = com.twisted.OnePost;
				PRODUCT_NAME = "$(TARGET_NAME)";
				SWIFT_VERSION = 3.0;
			};
			name = Debug;
		};
		1B0B92231DD4EA9600C5E93E /* Release */ = {
			isa = XCBuildConfiguration;
			baseConfigurationReference = 219A697702848073B9FF8C82 /* Pods-OnePost.release.xcconfig */;
			buildSettings = {
				ALWAYS_EMBED_SWIFT_STANDARD_LIBRARIES = YES;
				ASSETCATALOG_COMPILER_APPICON_NAME = AppIcon;
				CODE_SIGN_ENTITLEMENTS = OnePost/OnePost.entitlements;
				DEVELOPMENT_TEAM = UMQAGMF379;
				INFOPLIST_FILE = OnePost/Info.plist;
				LD_RUNPATH_SEARCH_PATHS = "$(inherited) @executable_path/Frameworks";
				PRODUCT_BUNDLE_IDENTIFIER = com.twisted.OnePost;
				PRODUCT_NAME = "$(TARGET_NAME)";
				SWIFT_VERSION = 3.0;
			};
			name = Release;
		};
/* End XCBuildConfiguration section */

/* Begin XCConfigurationList section */
		1B0B920A1DD4EA9600C5E93E /* Build configuration list for PBXProject "OnePost" */ = {
			isa = XCConfigurationList;
			buildConfigurations = (
				1B0B921F1DD4EA9600C5E93E /* Debug */,
				1B0B92201DD4EA9600C5E93E /* Release */,
			);
			defaultConfigurationIsVisible = 0;
			defaultConfigurationName = Release;
		};
		1B0B92211DD4EA9600C5E93E /* Build configuration list for PBXNativeTarget "OnePost" */ = {
			isa = XCConfigurationList;
			buildConfigurations = (
				1B0B92221DD4EA9600C5E93E /* Debug */,
				1B0B92231DD4EA9600C5E93E /* Release */,
			);
			defaultConfigurationIsVisible = 0;
			defaultConfigurationName = Release;
		};
/* End XCConfigurationList section */
	};
	rootObject = 1B0B92071DD4EA9600C5E93E /* Project object */;
}
